
Microsoft Visual Studio Solution File, Format Version 12.00
# Visual Studio Version 17
VisualStudioVersion = 17.1.32319.34
MinimumVisualStudioVersion = 10.0.40219.1
Project("{8BC9CEB8-8B4A-11D0-8D11-00A0C91BC942}") = "inprodactionToOOP", "inprodactionToOOP\inprodactionToOOP.vcxproj", "{A99EAAD1-14F6-4494-89C6-192D6EEB2FC7}"
EndProject
Project("{8BC9CEB8-8B4A-11D0-8D11-00A0C91BC942}") = "Fraction", "Fraction\Fraction.vcxproj", "{2F3D4C19-1820-4D60-A70B-433DECA31A9F}"
EndProject
Project("{8BC9CEB8-8B4A-11D0-8D11-00A0C91BC942}") = "Srting", "Srting\Srting.vcxproj", "{85C32DD7-BC8F-4232-B60A-2A00D5B2BCF0}"
EndProject
Global
	GlobalSection(SolutionConfigurationPlatforms) = preSolution
		Debug|x64 = Debug|x64
		Debug|x86 = Debug|x86
		Release|x64 = Release|x64
		Release|x86 = Release|x86
	EndGlobalSection
	GlobalSection(ProjectConfigurationPlatforms) = postSolution
		{A99EAAD1-14F6-4494-89C6-192D6EEB2FC7}.Debug|x64.ActiveCfg = Debug|x64
		{A99EAAD1-14F6-4494-89C6-192D6EEB2FC7}.Debug|x64.Build.0 = Debug|x64
		{A99EAAD1-14F6-4494-89C6-192D6EEB2FC7}.Debug|x86.ActiveCfg = Debug|Win32
		{A99EAAD1-14F6-4494-89C6-192D6EEB2FC7}.Debug|x86.Build.0 = Debug|Win32
		{A99EAAD1-14F6-4494-89C6-192D6EEB2FC7}.Release|x64.ActiveCfg = Release|x64
		{A99EAAD1-14F6-4494-89C6-192D6EEB2FC7}.Release|x64.Build.0 = Release|x64
		{A99EAAD1-14F6-4494-89C6-192D6EEB2FC7}.Release|x86.ActiveCfg = Release|Win32
		{A99EAAD1-14F6-4494-89C6-192D6EEB2FC7}.Release|x86.Build.0 = Release|Win32
		{2F3D4C19-1820-4D60-A70B-433DECA31A9F}.Debug|x64.ActiveCfg = Debug|x64
		{2F3D4C19-1820-4D60-A70B-433DECA31A9F}.Debug|x64.Build.0 = Debug|x64
		{2F3D4C19-1820-4D60-A70B-433DECA31A9F}.Debug|x86.ActiveCfg = Debug|Win32
		{2F3D4C19-1820-4D60-A70B-433DECA31A9F}.Debug|x86.Build.0 = Debug|Win32
		{2F3D4C19-1820-4D60-A70B-433DECA31A9F}.Release|x64.ActiveCfg = Release|x64
		{2F3D4C19-1820-4D60-A70B-433DECA31A9F}.Release|x64.Build.0 = Release|x64
		{2F3D4C19-1820-4D60-A70B-433DECA31A9F}.Release|x86.ActiveCfg = Release|Win32
		{2F3D4C19-1820-4D60-A70B-433DECA31A9F}.Release|x86.Build.0 = Release|Win32
		{85C32DD7-BC8F-4232-B60A-2A00D5B2BCF0}.Debug|x64.ActiveCfg = Debug|x64
		{85C32DD7-BC8F-4232-B60A-2A00D5B2BCF0}.Debug|x64.Build.0 = Debug|x64
		{85C32DD7-BC8F-4232-B60A-2A00D5B2BCF0}.Debug|x86.ActiveCfg = Debug|Win32
		{85C32DD7-BC8F-4232-B60A-2A00D5B2BCF0}.Debug|x86.Build.0 = Debug|Win32
		{85C32DD7-BC8F-4232-B60A-2A00D5B2BCF0}.Release|x64.ActiveCfg = Release|x64
		{85C32DD7-BC8F-4232-B60A-2A00D5B2BCF0}.Release|x64.Build.0 = Release|x64
		{85C32DD7-BC8F-4232-B60A-2A00D5B2BCF0}.Release|x86.ActiveCfg = Release|Win32
		{85C32DD7-BC8F-4232-B60A-2A00D5B2BCF0}.Release|x86.Build.0 = Release|Win32
	EndGlobalSection
	GlobalSection(SolutionProperties) = preSolution
		HideSolutionNode = FALSE
	EndGlobalSection
	GlobalSection(ExtensibilityGlobals) = postSolution
		SolutionGuid = {AE782C08-267A-499C-A202-8B883FAB24F0}
	EndGlobalSection
EndGlobal
